{
  "object": {
    "pins": [
      {
        "package": "VDLGCDHelpers",
        "repositoryURL": "https://github.com/vale-cocoa/VDLGCDHelpers.git",
        "state": {
          "branch": null,
          "revision": "edf9c4aa043f5c9c49eb4151d5a9bd098f46591a",
          "version": "1.0.2"
        }
      }
    ]
  },
  "version": 1
}
